// !$*UTF8*$!
{
	archiveVersion = 1;
	classes = {
	};
	objectVersion = 56;
	objects = {

/* Begin PBXBuildFile section */
		BD0137782A4DF51D00EF927E /* WhosThatDuckTwoApp.swift in Sources */ = {isa = PBXBuildFile; fileRef = BD0137772A4DF51D00EF927E /* WhosThatDuckTwoApp.swift */; };
		BD01377A2A4DF51D00EF927E /* ContentView.swift in Sources */ = {isa = PBXBuildFile; fileRef = BD0137792A4DF51D00EF927E /* ContentView.swift */; };
		BD01377C2A4DF51F00EF927E /* Assets.xcassets in Resources */ = {isa = PBXBuildFile; fileRef = BD01377B2A4DF51F00EF927E /* Assets.xcassets */; };
		BD01377F2A4DF51F00EF927E /* Preview Assets.xcassets in Resources */ = {isa = PBXBuildFile; fileRef = BD01377E2A4DF51F00EF927E /* Preview Assets.xcassets */; };
		BD0137862A4DF53300EF927E /* QuestionOneMallard.swift in Sources */ = {isa = PBXBuildFile; fileRef = BD0137852A4DF53300EF927E /* QuestionOneMallard.swift */; };
		BD0137882A4DF53E00EF927E /* AnswerOneMallard.swift in Sources */ = {isa = PBXBuildFile; fileRef = BD0137872A4DF53E00EF927E /* AnswerOneMallard.swift */; };
		BD01378D2A4DF81B00EF927E /* Unkempt-Bold.ttf in Resources */ = {isa = PBXBuildFile; fileRef = BD01378A2A4DF81B00EF927E /* Unkempt-Bold.ttf */; };
		BD01378E2A4DF81B00EF927E /* Unkempt-Regular.ttf in Resources */ = {isa = PBXBuildFile; fileRef = BD01378B2A4DF81B00EF927E /* Unkempt-Regular.ttf */; };
		BD01378F2A4DF81B00EF927E /* LICENSE.txt in Resources */ = {isa = PBXBuildFile; fileRef = BD01378C2A4DF81B00EF927E /* LICENSE.txt */; };
		BD4E2BB42A4E2D3E005FBF5D /* QuestionThreeAmBlack.swift in Sources */ = {isa = PBXBuildFile; fileRef = BD4E2BB32A4E2D3E005FBF5D /* QuestionThreeAmBlack.swift */; };
		BD4E2BB62A4E2D55005FBF5D /* AnswerThreeAmBlack.swift in Sources */ = {isa = PBXBuildFile; fileRef = BD4E2BB52A4E2D55005FBF5D /* AnswerThreeAmBlack.swift */; };
		BD5DED8E2A4E0DA700FA268E /* Wrong.swift in Sources */ = {isa = PBXBuildFile; fileRef = BD5DED8D2A4E0DA700FA268E /* Wrong.swift */; };
		BD5DED902A4E177C00FA268E /* QuestionTwoRuddy.swift in Sources */ = {isa = PBXBuildFile; fileRef = BD5DED8F2A4E177C00FA268E /* QuestionTwoRuddy.swift */; };
		BD5DED922A4E178F00FA268E /* AnswerTwoRuddy.swift in Sources */ = {isa = PBXBuildFile; fileRef = BD5DED912A4E178F00FA268E /* AnswerTwoRuddy.swift */; };
		BD5DED942A4E270800FA268E /* WrongTwo.swift in Sources */ = {isa = PBXBuildFile; fileRef = BD5DED932A4E270800FA268E /* WrongTwo.swift */; };
/* End PBXBuildFile section */

/* Begin PBXFileReference section */
		BD0137742A4DF51D00EF927E /* WhosThatDuckTwo.app */ = {isa = PBXFileReference; explicitFileType = wrapper.application; includeInIndex = 0; path = WhosThatDuckTwo.app; sourceTree = BUILT_PRODUCTS_DIR; };
		BD0137772A4DF51D00EF927E /* WhosThatDuckTwoApp.swift */ = {isa = PBXFileReference; lastKnownFileType = sourcecode.swift; path = WhosThatDuckTwoApp.swift; sourceTree = "<group>"; };
		BD0137792A4DF51D00EF927E /* ContentView.swift */ = {isa = PBXFileReference; lastKnownFileType = sourcecode.swift; path = ContentView.swift; sourceTree = "<group>"; };
		BD01377B2A4DF51F00EF927E /* Assets.xcassets */ = {isa = PBXFileReference; lastKnownFileType = folder.assetcatalog; path = Assets.xcassets; sourceTree = "<group>"; };
		BD01377E2A4DF51F00EF927E /* Preview Assets.xcassets */ = {isa = PBXFileReference; lastKnownFileType = folder.assetcatalog; path = "Preview Assets.xcassets"; sourceTree = "<group>"; };
		BD0137852A4DF53300EF927E /* QuestionOneMallard.swift */ = {isa = PBXFileReference; lastKnownFileType = sourcecode.swift; path = QuestionOneMallard.swift; sourceTree = "<group>"; };
		BD0137872A4DF53E00EF927E /* AnswerOneMallard.swift */ = {isa = PBXFileReference; lastKnownFileType = sourcecode.swift; path = AnswerOneMallard.swift; sourceTree = "<group>"; };
		BD01378A2A4DF81B00EF927E /* Unkempt-Bold.ttf */ = {isa = PBXFileReference; lastKnownFileType = file; path = "Unkempt-Bold.ttf"; sourceTree = "<group>"; };
		BD01378B2A4DF81B00EF927E /* Unkempt-Regular.ttf */ = {isa = PBXFileReference; lastKnownFileType = file; path = "Unkempt-Regular.ttf"; sourceTree = "<group>"; };
		BD01378C2A4DF81B00EF927E /* LICENSE.txt */ = {isa = PBXFileReference; fileEncoding = 4; lastKnownFileType = text; path = LICENSE.txt; sourceTree = "<group>"; };
		BD0137902A4DF83900EF927E /* Info.plist */ = {isa = PBXFileReference; lastKnownFileType = text.plist; path = Info.plist; sourceTree = "<group>"; };
		BD4E2BB32A4E2D3E005FBF5D /* QuestionThreeAmBlack.swift */ = {isa = PBXFileReference; lastKnownFileType = sourcecode.swift; path = QuestionThreeAmBlack.swift; sourceTree = "<group>"; };
		BD4E2BB52A4E2D55005FBF5D /* AnswerThreeAmBlack.swift */ = {isa = PBXFileReference; lastKnownFileType = sourcecode.swift; path = AnswerThreeAmBlack.swift; sourceTree = "<group>"; };
		BD5DED8D2A4E0DA700FA268E /* Wrong.swift */ = {isa = PBXFileReference; lastKnownFileType = sourcecode.swift; path = Wrong.swift; sourceTree = "<group>"; };
		BD5DED8F2A4E177C00FA268E /* QuestionTwoRuddy.swift */ = {isa = PBXFileReference; lastKnownFileType = sourcecode.swift; path = QuestionTwoRuddy.swift; sourceTree = "<group>"; };
		BD5DED912A4E178F00FA268E /* AnswerTwoRuddy.swift */ = {isa = PBXFileReference; lastKnownFileType = sourcecode.swift; path = AnswerTwoRuddy.swift; sourceTree = "<group>"; };
		BD5DED932A4E270800FA268E /* WrongTwo.swift */ = {isa = PBXFileReference; lastKnownFileType = sourcecode.swift; path = WrongTwo.swift; sourceTree = "<group>"; };
/* End PBXFileReference section */

/* Begin PBXFrameworksBuildPhase section */
		BD0137712A4DF51D00EF927E /* Frameworks */ = {
			isa = PBXFrameworksBuildPhase;
			buildActionMask = 2147483647;
			files = (
			);
			runOnlyForDeploymentPostprocessing = 0;
		};
/* End PBXFrameworksBuildPhase section */

/* Begin PBXGroup section */
		BD01376B2A4DF51D00EF927E = {
			isa = PBXGroup;
			children = (
				BD0137762A4DF51D00EF927E /* WhosThatDuckTwo */,
				BD0137752A4DF51D00EF927E /* Products */,
			);
			sourceTree = "<group>";
		};
		BD0137752A4DF51D00EF927E /* Products */ = {
			isa = PBXGroup;
			children = (
				BD0137742A4DF51D00EF927E /* WhosThatDuckTwo.app */,
			);
			name = Products;
			sourceTree = "<group>";
		};
		BD0137762A4DF51D00EF927E /* WhosThatDuckTwo */ = {
			isa = PBXGroup;
			children = (
				BD0137902A4DF83900EF927E /* Info.plist */,
				BD0137772A4DF51D00EF927E /* WhosThatDuckTwoApp.swift */,
				BD0137792A4DF51D00EF927E /* ContentView.swift */,
				BD0137852A4DF53300EF927E /* QuestionOneMallard.swift */,
				BD0137872A4DF53E00EF927E /* AnswerOneMallard.swift */,
				BD5DED8F2A4E177C00FA268E /* QuestionTwoRuddy.swift */,
				BD5DED912A4E178F00FA268E /* AnswerTwoRuddy.swift */,
				BD4E2BB32A4E2D3E005FBF5D /* QuestionThreeAmBlack.swift */,
				BD4E2BB52A4E2D55005FBF5D /* AnswerThreeAmBlack.swift */,
				BD5DED8D2A4E0DA700FA268E /* Wrong.swift */,
				BD5DED932A4E270800FA268E /* WrongTwo.swift */,
				BD01377B2A4DF51F00EF927E /* Assets.xcassets */,
				BD0137892A4DF81B00EF927E /* Unkempt */,
				BD01377D2A4DF51F00EF927E /* Preview Content */,
			);
			path = WhosThatDuckTwo;
			sourceTree = "<group>";
		};
		BD01377D2A4DF51F00EF927E /* Preview Content */ = {
			isa = PBXGroup;
			children = (
				BD01377E2A4DF51F00EF927E /* Preview Assets.xcassets */,
			);
			path = "Preview Content";
			sourceTree = "<group>";
		};
		BD0137892A4DF81B00EF927E /* Unkempt */ = {
			isa = PBXGroup;
			children = (
				BD01378A2A4DF81B00EF927E /* Unkempt-Bold.ttf */,
				BD01378B2A4DF81B00EF927E /* Unkempt-Regular.ttf */,
				BD01378C2A4DF81B00EF927E /* LICENSE.txt */,
			);
			path = Unkempt;
			sourceTree = "<group>";
		};
/* End PBXGroup section */

/* Begin PBXNativeTarget section */
		BD0137732A4DF51D00EF927E /* WhosThatDuckTwo */ = {
			isa = PBXNativeTarget;
			buildConfigurationList = BD0137822A4DF51F00EF927E /* Build configuration list for PBXNativeTarget "WhosThatDuckTwo" */;
			buildPhases = (
				BD0137702A4DF51D00EF927E /* Sources */,
				BD0137712A4DF51D00EF927E /* Frameworks */,
				BD0137722A4DF51D00EF927E /* Resources */,
			);
			buildRules = (
			);
			dependencies = (
			);
			name = WhosThatDuckTwo;
			productName = WhosThatDuckTwo;
			productReference = BD0137742A4DF51D00EF927E /* WhosThatDuckTwo.app */;
			productType = "com.apple.product-type.application";
		};
/* End PBXNativeTarget section */

/* Begin PBXProject section */
		BD01376C2A4DF51D00EF927E /* Project object */ = {
			isa = PBXProject;
			attributes = {
				BuildIndependentTargetsInParallel = 1;
				LastSwiftUpdateCheck = 1430;
				LastUpgradeCheck = 1430;
				TargetAttributes = {
					BD0137732A4DF51D00EF927E = {
						CreatedOnToolsVersion = 14.3.1;
					};
				};
			};
			buildConfigurationList = BD01376F2A4DF51D00EF927E /* Build configuration list for PBXProject "WhosThatDuckTwo" */;
			compatibilityVersion = "Xcode 14.0";
			developmentRegion = en;
			hasScannedForEncodings = 0;
			knownRegions = (
				en,
				Base,
			);
			mainGroup = BD01376B2A4DF51D00EF927E;
			productRefGroup = BD0137752A4DF51D00EF927E /* Products */;
			projectDirPath = "";
			projectRoot = "";
			targets = (
				BD0137732A4DF51D00EF927E /* WhosThatDuckTwo */,
			);
		};
/* End PBXProject section */

/* Begin PBXResourcesBuildPhase section */
		BD0137722A4DF51D00EF927E /* Resources */ = {
			isa = PBXResourcesBuildPhase;
			buildActionMask = 2147483647;
			files = (
				BD01377F2A4DF51F00EF927E /* Preview Assets.xcassets in Resources */,
				BD01377C2A4DF51F00EF927E /* Assets.xcassets in Resources */,
				BD01378E2A4DF81B00EF927E /* Unkempt-Regular.ttf in Resources */,
				BD01378F2A4DF81B00EF927E /* LICENSE.txt in Resources */,
				BD01378D2A4DF81B00EF927E /* Unkempt-Bold.ttf in Resources */,
			);
			runOnlyForDeploymentPostprocessing = 0;
		};
/* End PBXResourcesBuildPhase section */

/* Begin PBXSourcesBuildPhase section */
		BD0137702A4DF51D00EF927E /* Sources */ = {
			isa = PBXSourcesBuildPhase;
			buildActionMask = 2147483647;
			files = (
				BD5DED942A4E270800FA268E /* WrongTwo.swift in Sources */,
				BD5DED922A4E178F00FA268E /* AnswerTwoRuddy.swift in Sources */,
				BD5DED8E2A4E0DA700FA268E /* Wrong.swift in Sources */,
				BD0137882A4DF53E00EF927E /* AnswerOneMallard.swift in Sources */,
				BD4E2BB62A4E2D55005FBF5D /* AnswerThreeAmBlack.swift in Sources */,
				BD4E2BB42A4E2D3E005FBF5D /* QuestionThreeAmBlack.swift in Sources */,
				BD01377A2A4DF51D00EF927E /* ContentView.swift in Sources */,
				BD0137862A4DF53300EF927E /* QuestionOneMallard.swift in Sources */,
				BD0137782A4DF51D00EF927E /* WhosThatDuckTwoApp.swift in Sources */,
				BD5DED902A4E177C00FA268E /* QuestionTwoRuddy.swift in Sources */,
			);
			runOnlyForDeploymentPostprocessing = 0;
		};
/* End PBXSourcesBuildPhase section */

/* Begin XCBuildConfiguration section */
		BD0137802A4DF51F00EF927E /* Debug */ = {
			isa = XCBuildConfiguration;
			buildSettings = {
				ALWAYS_SEARCH_USER_PATHS = NO;
				CLANG_ANALYZER_NONNULL = YES;
				CLANG_ANALYZER_NUMBER_OBJECT_CONVERSION = YES_AGGRESSIVE;
				CLANG_CXX_LANGUAGE_STANDARD = "gnu++20";
				CLANG_ENABLE_MODULES = YES;
				CLANG_ENABLE_OBJC_ARC = YES;
				CLANG_ENABLE_OBJC_WEAK = YES;
				CLANG_WARN_BLOCK_CAPTURE_AUTORELEASING = YES;
				CLANG_WARN_BOOL_CONVERSION = YES;
				CLANG_WARN_COMMA = YES;
				CLANG_WARN_CONSTANT_CONVERSION = YES;
				CLANG_WARN_DEPRECATED_OBJC_IMPLEMENTATIONS = YES;
				CLANG_WARN_DIRECT_OBJC_ISA_USAGE = YES_ERROR;
				CLANG_WARN_DOCUMENTATION_COMMENTS = YES;
				CLANG_WARN_EMPTY_BODY = YES;
				CLANG_WARN_ENUM_CONVERSION = YES;
				CLANG_WARN_INFINITE_RECURSION = YES;
				CLANG_WARN_INT_CONVERSION = YES;
				CLANG_WARN_NON_LITERAL_NULL_CONVERSION = YES;
				CLANG_WARN_OBJC_IMPLICIT_RETAIN_SELF = YES;
				CLANG_WARN_OBJC_LITERAL_CONVERSION = YES;
				CLANG_WARN_OBJC_ROOT_CLASS = YES_ERROR;
				CLANG_WARN_QUOTED_INCLUDE_IN_FRAMEWORK_HEADER = YES;
				CLANG_WARN_RANGE_LOOP_ANALYSIS = YES;
				CLANG_WARN_STRICT_PROTOTYPES = YES;
				CLANG_WARN_SUSPICIOUS_MOVE = YES;
				CLANG_WARN_UNGUARDED_AVAILABILITY = YES_AGGRESSIVE;
				CLANG_WARN_UNREACHABLE_CODE = YES;
				CLANG_WARN__DUPLICATE_METHOD_MATCH = YES;
				COPY_PHASE_STRIP = NO;
				DEBUG_INFORMATION_FORMAT = dwarf;
				ENABLE_STRICT_OBJC_MSGSEND = YES;
				ENABLE_TESTABILITY = YES;
				GCC_C_LANGUAGE_STANDARD = gnu11;
				GCC_DYNAMIC_NO_PIC = NO;
				GCC_NO_COMMON_BLOCKS = YES;
				GCC_OPTIMIZATION_LEVEL = 0;
				GCC_PREPROCESSOR_DEFINITIONS = (
					"DEBUG=1",
					"$(inherited)",
				);
				GCC_WARN_64_TO_32_BIT_CONVERSION = YES;
				GCC_WARN_ABOUT_RETURN_TYPE = YES_ERROR;
				GCC_WARN_UNDECLARED_SELECTOR = YES;
				GCC_WARN_UNINITIALIZED_AUTOS = YES_AGGRESSIVE;
				GCC_WARN_UNUSED_FUNCTION = YES;
				GCC_WARN_UNUSED_VARIABLE = YES;
				IPHONEOS_DEPLOYMENT_TARGET = 16.4;
				MTL_ENABLE_DEBUG_INFO = INCLUDE_SOURCE;
				MTL_FAST_MATH = YES;
				ONLY_ACTIVE_ARCH = YES;
				SDKROOT = iphoneos;
				SWIFT_ACTIVE_COMPILATION_CONDITIONS = DEBUG;
				SWIFT_OPTIMIZATION_LEVEL = "-Onone";
			};
			name = Debug;
		};
		BD0137812A4DF51F00EF927E /* Release */ = {
			isa = XCBuildConfiguration;
			buildSettings = {
				ALWAYS_SEARCH_USER_PATHS = NO;
				CLANG_ANALYZER_NONNULL = YES;
				CLANG_ANALYZER_NUMBER_OBJECT_CONVERSION = YES_AGGRESSIVE;
				CLANG_CXX_LANGUAGE_STANDARD = "gnu++20";
				CLANG_ENABLE_MODULES = YES;
				CLANG_ENABLE_OBJC_ARC = YES;
				CLANG_ENABLE_OBJC_WEAK = YES;
				CLANG_WARN_BLOCK_CAPTURE_AUTORELEASING = YES;
				CLANG_WARN_BOOL_CONVERSION = YES;
				CLANG_WARN_COMMA = YES;
				CLANG_WARN_CONSTANT_CONVERSION = YES;
				CLANG_WARN_DEPRECATED_OBJC_IMPLEMENTATIONS = YES;
				CLANG_WARN_DIRECT_OBJC_ISA_USAGE = YES_ERROR;
				CLANG_WARN_DOCUMENTATION_COMMENTS = YES;
				CLANG_WARN_EMPTY_BODY = YES;
				CLANG_WARN_ENUM_CONVERSION = YES;
				CLANG_WARN_INFINITE_RECURSION = YES;
				CLANG_WARN_INT_CONVERSION = YES;
				CLANG_WARN_NON_LITERAL_NULL_CONVERSION = YES;
				CLANG_WARN_OBJC_IMPLICIT_RETAIN_SELF = YES;
				CLANG_WARN_OBJC_LITERAL_CONVERSION = YES;
				CLANG_WARN_OBJC_ROOT_CLASS = YES_ERROR;
				CLANG_WARN_QUOTED_INCLUDE_IN_FRAMEWORK_HEADER = YES;
				CLANG_WARN_RANGE_LOOP_ANALYSIS = YES;
				CLANG_WARN_STRICT_PROTOTYPES = YES;
				CLANG_WARN_SUSPICIOUS_MOVE = YES;
				CLANG_WARN_UNGUARDED_AVAILABILITY = YES_AGGRESSIVE;
				CLANG_WARN_UNREACHABLE_CODE = YES;
				CLANG_WARN__DUPLICATE_METHOD_MATCH = YES;
				COPY_PHASE_STRIP = NO;
				DEBUG_INFORMATION_FORMAT = "dwarf-with-dsym";
				ENABLE_NS_ASSERTIONS = NO;
				ENABLE_STRICT_OBJC_MSGSEND = YES;
				GCC_C_LANGUAGE_STANDARD = gnu11;
				GCC_NO_COMMON_BLOCKS = YES;
				GCC_WARN_64_TO_32_BIT_CONVERSION = YES;
				GCC_WARN_ABOUT_RETURN_TYPE = YES_ERROR;
				GCC_WARN_UNDECLARED_SELECTOR = YES;
				GCC_WARN_UNINITIALIZED_AUTOS = YES_AGGRESSIVE;
				GCC_WARN_UNUSED_FUNCTION = YES;
				GCC_WARN_UNUSED_VARIABLE = YES;
				IPHONEOS_DEPLOYMENT_TARGET = 16.4;
				MTL_ENABLE_DEBUG_INFO = NO;
				MTL_FAST_MATH = YES;
				SDKROOT = iphoneos;
				SWIFT_COMPILATION_MODE = wholemodule;
				SWIFT_OPTIMIZATION_LEVEL = "-O";
				VALIDATE_PRODUCT = YES;
			};
			name = Release;
		};
		BD0137832A4DF51F00EF927E /* Debug */ = {
			isa = XCBuildConfiguration;
			buildSettings = {
				ASSETCATALOG_COMPILER_APPICON_NAME = AppIcon;
				ASSETCATALOG_COMPILER_GLOBAL_ACCENT_COLOR_NAME = AccentColor;
				CODE_SIGN_STYLE = Automatic;
				CURRENT_PROJECT_VERSION = 1;
				DEVELOPMENT_ASSET_PATHS = "\"WhosThatDuckTwo/Preview Content\"";
				ENABLE_PREVIEWS = YES;
				GENERATE_INFOPLIST_FILE = YES;
				INFOPLIST_FILE = WhosThatDuckTwo/Info.plist;
				INFOPLIST_KEY_UIApplicationSceneManifest_Generation = YES;
				INFOPLIST_KEY_UIApplicationSupportsIndirectInputEvents = YES;
				INFOPLIST_KEY_UILaunchScreen_Generation = YES;
				INFOPLIST_KEY_UISupportedInterfaceOrientations_iPad = "UIInterfaceOrientationPortrait UIInterfaceOrientationPortraitUpsideDown UIInterfaceOrientationLandscapeLeft UIInterfaceOrientationLandscapeRight";
				INFOPLIST_KEY_UISupportedInterfaceOrientations_iPhone = "UIInterfaceOrientationPortrait UIInterfaceOrientationLandscapeLeft UIInterfaceOrientationLandscapeRight";
				LD_RUNPATH_SEARCH_PATHS = (
					"$(inherited)",
					"@executable_path/Frameworks",
				);
				MARKETING_VERSION = 1.0;
				PRODUCT_BUNDLE_IDENTIFIER = kwk.WhosThatDuckTwo;
				PRODUCT_NAME = "$(TARGET_NAME)";
				SWIFT_EMIT_LOC_STRINGS = YES;
				SWIFT_VERSION = 5.0;
				TARGETED_DEVICE_FAMILY = "1,2";
			};
			name = Debug;
		};
		BD0137842A4DF51F00EF927E /* Release */ = {
			isa = XCBuildConfiguration;
			buildSettings = {
				ASSETCATALOG_COMPILER_APPICON_NAME = AppIcon;
				ASSETCATALOG_COMPILER_GLOBAL_ACCENT_COLOR_NAME = AccentColor;
				CODE_SIGN_STYLE = Automatic;
				CURRENT_PROJECT_VERSION = 1;
				DEVELOPMENT_ASSET_PATHS = "\"WhosThatDuckTwo/Preview Content\"";
				ENABLE_PREVIEWS = YES;
				GENERATE_INFOPLIST_FILE = YES;
				INFOPLIST_FILE = WhosThatDuckTwo/Info.plist;
				INFOPLIST_KEY_UIApplicationSceneManifest_Generation = YES;
				INFOPLIST_KEY_UIApplicationSupportsIndirectInputEvents = YES;
				INFOPLIST_KEY_UILaunchScreen_Generation = YES;
				INFOPLIST_KEY_UISupportedInterfaceOrientations_iPad = "UIInterfaceOrientationPortrait UIInterfaceOrientationPortraitUpsideDown UIInterfaceOrientationLandscapeLeft UIInterfaceOrientationLandscapeRight";
				INFOPLIST_KEY_UISupportedInterfaceOrientations_iPhone = "UIInterfaceOrientationPortrait UIInterfaceOrientationLandscapeLeft UIInterfaceOrientationLandscapeRight";
				LD_RUNPATH_SEARCH_PATHS = (
					"$(inherited)",
					"@executable_path/Frameworks",
				);
				MARKETING_VERSION = 1.0;
				PRODUCT_BUNDLE_IDENTIFIER = kwk.WhosThatDuckTwo;
				PRODUCT_NAME = "$(TARGET_NAME)";
				SWIFT_EMIT_LOC_STRINGS = YES;
				SWIFT_VERSION = 5.0;
				TARGETED_DEVICE_FAMILY = "1,2";
			};
			name = Release;
		};
/* End XCBuildConfiguration section */

/* Begin XCConfigurationList section */
		BD01376F2A4DF51D00EF927E /* Build configuration list for PBXProject "WhosThatDuckTwo" */ = {
			isa = XCConfigurationList;
			buildConfigurations = (
				BD0137802A4DF51F00EF927E /* Debug */,
				BD0137812A4DF51F00EF927E /* Release */,
			);
			defaultConfigurationIsVisible = 0;
			defaultConfigurationName = Release;
		};
		BD0137822A4DF51F00EF927E /* Build configuration list for PBXNativeTarget "WhosThatDuckTwo" */ = {
			isa = XCConfigurationList;
			buildConfigurations = (
				BD0137832A4DF51F00EF927E /* Debug */,
				BD0137842A4DF51F00EF927E /* Release */,
			);
			defaultConfigurationIsVisible = 0;
			defaultConfigurationName = Release;
		};
/* End XCConfigurationList section */
	};
	rootObject = BD01376C2A4DF51D00EF927E /* Project object */;
}
